PODS:
  - iOSPhotoEditor (1.0.0)

DEPENDENCIES:
  - iOSPhotoEditor (from `./Frameworks/iOSPhotoEditor`)

EXTERNAL SOURCES:
  iOSPhotoEditor:
    :path: "./Frameworks/iOSPhotoEditor"

SPEC CHECKSUMS:
  iOSPhotoEditor: bcd88c5497ba05b89b5dabdb463b54c8f76628d7

PODFILE CHECKSUM: e7798ec5c412205ad3ab3ff9a971f239f60a21b0

COCOAPODS: 1.10.0
