PODS:
  - iOSPhotoEditor (1.0.0):
    - VKPhotoEditorTools
  - VKPhotoEditorTools (1.0)

DEPENDENCIES:
  - iOSPhotoEditor (from `./Frameworks/iOSPhotoEditor`)
  - VKPhotoEditorTools (from `./Frameworks/VKPhotoEditorTools`)

EXTERNAL SOURCES:
  iOSPhotoEditor:
    :path: "./Frameworks/iOSPhotoEditor"
  VKPhotoEditorTools:
    :path: "./Frameworks/VKPhotoEditorTools"

SPEC CHECKSUMS:
  iOSPhotoEditor: 412403cde7f19466365fa864397c9f6fb98ffe3c
  VKPhotoEditorTools: 707e755a8510d0eab70374525b0e8c3dfd95042d

PODFILE CHECKSUM: 40ccf80ecd7bc5288cf3238f5310ccc9c1bcd901

COCOAPODS: 1.10.0
